{
  "name": "fp-ts",
  "version": "1.0.0",
  "lockfileVersion": 3,
  "requires": true,
  "packages": {
    "": {
      "name": "fp-ts",
      "version": "1.0.0",
      "license": "ISC",
      "dependencies": {
        "fp-ts": "^2.16.2"
      }
    },
    "node_modules/fp-ts": {
      "version": "2.16.2",
      "resolved": "https://registry.npmjs.org/fp-ts/-/fp-ts-2.16.2.tgz",
      "integrity": "sha512-CkqAjnIKFqvo3sCyoBTqgJvF+bHrSik584S9nhTjtBESLx26cbtVMR/T9a6ApChOcSDAaM3JydDmWDUn4EEXng=="
    }
  }
}
